
Microsoft Visual Studio Solution File, Format Version 12.00
# Visual Studio Version 17
VisualStudioVersion = 17.2.32616.157
MinimumVisualStudioVersion = 10.0.40219.1
Project("{9A19103F-16F7-4668-BE54-9A1E7A4F7556}") = "AlbumWeb", "AlbumWeb\AlbumWeb.csproj", "{8AC010F0-0E37-4FD0-84A1-BEC61A366F38}"
EndProject
Project("{9A19103F-16F7-4668-BE54-9A1E7A4F7556}") = "Album.Service", "Album.Service\Album.Service.csproj", "{B41B379D-AE40-484E-98B6-F6DEA513B54C}"
EndProject
Project("{9A19103F-16F7-4668-BE54-9A1E7A4F7556}") = "Album.Business", "Album.Business\Album.Business.csproj", "{1683CD47-E700-424C-823B-58FDAE704334}"
EndProject
Global
	GlobalSection(SolutionConfigurationPlatforms) = preSolution
		Debug|Any CPU = Debug|Any CPU
		Release|Any CPU = Release|Any CPU
	EndGlobalSection
	GlobalSection(ProjectConfigurationPlatforms) = postSolution
		{8AC010F0-0E37-4FD0-84A1-BEC61A366F38}.Debug|Any CPU.ActiveCfg = Debug|Any CPU
		{8AC010F0-0E37-4FD0-84A1-BEC61A366F38}.Debug|Any CPU.Build.0 = Debug|Any CPU
		{8AC010F0-0E37-4FD0-84A1-BEC61A366F38}.Release|Any CPU.ActiveCfg = Release|Any CPU
		{8AC010F0-0E37-4FD0-84A1-BEC61A366F38}.Release|Any CPU.Build.0 = Release|Any CPU
		{B41B379D-AE40-484E-98B6-F6DEA513B54C}.Debug|Any CPU.ActiveCfg = Debug|Any CPU
		{B41B379D-AE40-484E-98B6-F6DEA513B54C}.Debug|Any CPU.Build.0 = Debug|Any CPU
		{B41B379D-AE40-484E-98B6-F6DEA513B54C}.Release|Any CPU.ActiveCfg = Release|Any CPU
		{B41B379D-AE40-484E-98B6-F6DEA513B54C}.Release|Any CPU.Build.0 = Release|Any CPU
		{1683CD47-E700-424C-823B-58FDAE704334}.Debug|Any CPU.ActiveCfg = Debug|Any CPU
		{1683CD47-E700-424C-823B-58FDAE704334}.Debug|Any CPU.Build.0 = Debug|Any CPU
		{1683CD47-E700-424C-823B-58FDAE704334}.Release|Any CPU.ActiveCfg = Release|Any CPU
		{1683CD47-E700-424C-823B-58FDAE704334}.Release|Any CPU.Build.0 = Release|Any CPU
	EndGlobalSection
	GlobalSection(SolutionProperties) = preSolution
		HideSolutionNode = FALSE
	EndGlobalSection
	GlobalSection(ExtensibilityGlobals) = postSolution
		SolutionGuid = {849A2B81-0073-43DE-B7C1-92721D67C992}
	EndGlobalSection
EndGlobal
